
Microsoft Visual Studio Solution File, Format Version 12.00
# Visual Studio Version 17
VisualStudioVersion = 17.14.36212.18
MinimumVisualStudioVersion = 10.0.40219.1
Project("{FAE04EC0-301F-11D3-BF4B-00C04F79EFBC}") = "SistemaClinica", "SistemaClinica\SistemaClinica.csproj", "{EC6E07DB-B877-44F4-843D-7486DBB49A59}"
EndProject
Project("{FAE04EC0-301F-11D3-BF4B-00C04F79EFBC}") = "Clases", "Clases\Clases.csproj", "{B8D199B5-5294-4B60-B963-9C2091CFBAB6}"
EndProject
Project("{FAE04EC0-301F-11D3-BF4B-00C04F79EFBC}") = "ClasesGrafo", "ClasesGrafo\ClasesGrafo.csproj", "{1C224B37-8D8A-409E-8356-24185B93893D}"
EndProject
Global
	GlobalSection(SolutionConfigurationPlatforms) = preSolution
		Debug|Any CPU = Debug|Any CPU
		Release|Any CPU = Release|Any CPU
	EndGlobalSection
	GlobalSection(ProjectConfigurationPlatforms) = postSolution
		{EC6E07DB-B877-44F4-843D-7486DBB49A59}.Debug|Any CPU.ActiveCfg = Debug|Any CPU
		{EC6E07DB-B877-44F4-843D-7486DBB49A59}.Debug|Any CPU.Build.0 = Debug|Any CPU
		{EC6E07DB-B877-44F4-843D-7486DBB49A59}.Release|Any CPU.ActiveCfg = Release|Any CPU
		{EC6E07DB-B877-44F4-843D-7486DBB49A59}.Release|Any CPU.Build.0 = Release|Any CPU
		{B8D199B5-5294-4B60-B963-9C2091CFBAB6}.Debug|Any CPU.ActiveCfg = Debug|Any CPU
		{B8D199B5-5294-4B60-B963-9C2091CFBAB6}.Debug|Any CPU.Build.0 = Debug|Any CPU
		{B8D199B5-5294-4B60-B963-9C2091CFBAB6}.Release|Any CPU.ActiveCfg = Release|Any CPU
		{B8D199B5-5294-4B60-B963-9C2091CFBAB6}.Release|Any CPU.Build.0 = Release|Any CPU
		{1C224B37-8D8A-409E-8356-24185B93893D}.Debug|Any CPU.ActiveCfg = Debug|Any CPU
		{1C224B37-8D8A-409E-8356-24185B93893D}.Debug|Any CPU.Build.0 = Debug|Any CPU
		{1C224B37-8D8A-409E-8356-24185B93893D}.Release|Any CPU.ActiveCfg = Release|Any CPU
		{1C224B37-8D8A-409E-8356-24185B93893D}.Release|Any CPU.Build.0 = Release|Any CPU
	EndGlobalSection
	GlobalSection(SolutionProperties) = preSolution
		HideSolutionNode = FALSE
	EndGlobalSection
	GlobalSection(ExtensibilityGlobals) = postSolution
		SolutionGuid = {C5AA89B3-0A7D-408B-BB46-D7254D170F60}
	EndGlobalSection
EndGlobal
